
Microsoft Visual Studio Solution File, Format Version 12.00
Project("{FAE04EC0-301F-11D3-BF4B-00C04F79EFBC}") = "Mini Kata 5", "Mini Kata 5\Mini Kata 5.csproj", "{CBD80233-6AB4-412E-B6BD-5849F2396709}"
EndProject
Project("{FAE04EC0-301F-11D3-BF4B-00C04F79EFBC}") = "Mini-Kata 6", "Mini-Kata 6\Mini-Kata 6.csproj", "{3228F5E8-9992-4ACE-8E2B-CF112FDF585B}"
EndProject
Project("{FAE04EC0-301F-11D3-BF4B-00C04F79EFBC}") = "Kata 5", "Kata 5\Kata 5.csproj", "{ED2EDC6A-32AF-4E4D-9C17-76E20D5B88C0}"
EndProject
Project("{FAE04EC0-301F-11D3-BF4B-00C04F79EFBC}") = "Kata 6", "Kata 6\Kata 6.csproj", "{26854F52-9F01-4AD5-918B-5760F1F97A4A}"
EndProject
Project("{FAE04EC0-301F-11D3-BF4B-00C04F79EFBC}") = "Mini-Kata 7", "Mini-Kata 7\Mini-Kata 7.csproj", "{02BEF00A-A855-4AA0-BA1D-7B3E67026D6D}"
EndProject
Project("{FAE04EC0-301F-11D3-BF4B-00C04F79EFBC}") = "Kata 7", "Kata 7\Kata 7.csproj", "{EE8EBF8D-C982-4791-A6BD-CB0B7DCA8B22}"
EndProject
Project("{FAE04EC0-301F-11D3-BF4B-00C04F79EFBC}") = "Kata 8", "Kata 8\Kata 8.csproj", "{FD968FD9-A787-42E6-A42E-E727EE8D29B6}"
EndProject
Project("{FAE04EC0-301F-11D3-BF4B-00C04F79EFBC}") = "Kata 9", "Kata 9\Kata 9.csproj", "{10BE59E2-4AA5-4495-B139-020397E16E17}"
EndProject
Project("{FAE04EC0-301F-11D3-BF4B-00C04F79EFBC}") = "Kata 10", "Kata 10\Kata 10.csproj", "{AB6B27CB-B780-450A-91AB-33BED71A7D48}"
EndProject
Project("{FAE04EC0-301F-11D3-BF4B-00C04F79EFBC}") = "Exam Kata", "Exam Kata\Exam Kata.csproj", "{244AD19A-4D58-41D7-8551-25E1D740B027}"
EndProject
Global
	GlobalSection(SolutionConfigurationPlatforms) = preSolution
		Debug|Any CPU = Debug|Any CPU
		Release|Any CPU = Release|Any CPU
	EndGlobalSection
	GlobalSection(ProjectConfigurationPlatforms) = postSolution
		{CBD80233-6AB4-412E-B6BD-5849F2396709}.Debug|Any CPU.ActiveCfg = Debug|Any CPU
		{CBD80233-6AB4-412E-B6BD-5849F2396709}.Debug|Any CPU.Build.0 = Debug|Any CPU
		{CBD80233-6AB4-412E-B6BD-5849F2396709}.Release|Any CPU.ActiveCfg = Release|Any CPU
		{CBD80233-6AB4-412E-B6BD-5849F2396709}.Release|Any CPU.Build.0 = Release|Any CPU
		{3228F5E8-9992-4ACE-8E2B-CF112FDF585B}.Debug|Any CPU.ActiveCfg = Debug|Any CPU
		{3228F5E8-9992-4ACE-8E2B-CF112FDF585B}.Debug|Any CPU.Build.0 = Debug|Any CPU
		{3228F5E8-9992-4ACE-8E2B-CF112FDF585B}.Release|Any CPU.ActiveCfg = Release|Any CPU
		{3228F5E8-9992-4ACE-8E2B-CF112FDF585B}.Release|Any CPU.Build.0 = Release|Any CPU
		{ED2EDC6A-32AF-4E4D-9C17-76E20D5B88C0}.Debug|Any CPU.ActiveCfg = Debug|Any CPU
		{ED2EDC6A-32AF-4E4D-9C17-76E20D5B88C0}.Debug|Any CPU.Build.0 = Debug|Any CPU
		{ED2EDC6A-32AF-4E4D-9C17-76E20D5B88C0}.Release|Any CPU.ActiveCfg = Release|Any CPU
		{ED2EDC6A-32AF-4E4D-9C17-76E20D5B88C0}.Release|Any CPU.Build.0 = Release|Any CPU
		{26854F52-9F01-4AD5-918B-5760F1F97A4A}.Debug|Any CPU.ActiveCfg = Debug|Any CPU
		{26854F52-9F01-4AD5-918B-5760F1F97A4A}.Debug|Any CPU.Build.0 = Debug|Any CPU
		{26854F52-9F01-4AD5-918B-5760F1F97A4A}.Release|Any CPU.ActiveCfg = Release|Any CPU
		{26854F52-9F01-4AD5-918B-5760F1F97A4A}.Release|Any CPU.Build.0 = Release|Any CPU
		{02BEF00A-A855-4AA0-BA1D-7B3E67026D6D}.Debug|Any CPU.ActiveCfg = Debug|Any CPU
		{02BEF00A-A855-4AA0-BA1D-7B3E67026D6D}.Debug|Any CPU.Build.0 = Debug|Any CPU
		{02BEF00A-A855-4AA0-BA1D-7B3E67026D6D}.Release|Any CPU.ActiveCfg = Release|Any CPU
		{02BEF00A-A855-4AA0-BA1D-7B3E67026D6D}.Release|Any CPU.Build.0 = Release|Any CPU
		{EE8EBF8D-C982-4791-A6BD-CB0B7DCA8B22}.Debug|Any CPU.ActiveCfg = Debug|Any CPU
		{EE8EBF8D-C982-4791-A6BD-CB0B7DCA8B22}.Debug|Any CPU.Build.0 = Debug|Any CPU
		{EE8EBF8D-C982-4791-A6BD-CB0B7DCA8B22}.Release|Any CPU.ActiveCfg = Release|Any CPU
		{EE8EBF8D-C982-4791-A6BD-CB0B7DCA8B22}.Release|Any CPU.Build.0 = Release|Any CPU
		{FD968FD9-A787-42E6-A42E-E727EE8D29B6}.Debug|Any CPU.ActiveCfg = Debug|Any CPU
		{FD968FD9-A787-42E6-A42E-E727EE8D29B6}.Debug|Any CPU.Build.0 = Debug|Any CPU
		{FD968FD9-A787-42E6-A42E-E727EE8D29B6}.Release|Any CPU.ActiveCfg = Release|Any CPU
		{FD968FD9-A787-42E6-A42E-E727EE8D29B6}.Release|Any CPU.Build.0 = Release|Any CPU
		{10BE59E2-4AA5-4495-B139-020397E16E17}.Debug|Any CPU.ActiveCfg = Debug|Any CPU
		{10BE59E2-4AA5-4495-B139-020397E16E17}.Debug|Any CPU.Build.0 = Debug|Any CPU
		{10BE59E2-4AA5-4495-B139-020397E16E17}.Release|Any CPU.ActiveCfg = Release|Any CPU
		{10BE59E2-4AA5-4495-B139-020397E16E17}.Release|Any CPU.Build.0 = Release|Any CPU
		{AB6B27CB-B780-450A-91AB-33BED71A7D48}.Debug|Any CPU.ActiveCfg = Debug|Any CPU
		{AB6B27CB-B780-450A-91AB-33BED71A7D48}.Debug|Any CPU.Build.0 = Debug|Any CPU
		{AB6B27CB-B780-450A-91AB-33BED71A7D48}.Release|Any CPU.ActiveCfg = Release|Any CPU
		{AB6B27CB-B780-450A-91AB-33BED71A7D48}.Release|Any CPU.Build.0 = Release|Any CPU
		{244AD19A-4D58-41D7-8551-25E1D740B027}.Debug|Any CPU.ActiveCfg = Debug|Any CPU
		{244AD19A-4D58-41D7-8551-25E1D740B027}.Debug|Any CPU.Build.0 = Debug|Any CPU
		{244AD19A-4D58-41D7-8551-25E1D740B027}.Release|Any CPU.ActiveCfg = Release|Any CPU
		{244AD19A-4D58-41D7-8551-25E1D740B027}.Release|Any CPU.Build.0 = Release|Any CPU
	EndGlobalSection
EndGlobal
